Microsoft Visual Studio Solution File, Format Version 12.00
# Visual Studio Version 17
VisualStudioVersion = 17.5.2.0
MinimumVisualStudioVersion = 10.0.40219.1
Project("{FAE04EC0-301F-11D3-BF4B-00C04F79EFBC}") = "Librarian", "Librarian.csproj", "{4DAB1F13-B1D8-F2F3-332A-A0DB92329341}"
EndProject
Global
	GlobalSection(SolutionConfigurationPlatforms) = preSolution
		Debug|Any CPU = Debug|Any CPU
		Release|Any CPU = Release|Any CPU
	EndGlobalSection
	GlobalSection(ProjectConfigurationPlatforms) = postSolution
		{4DAB1F13-B1D8-F2F3-332A-A0DB92329341}.Debug|Any CPU.ActiveCfg = Debug|Any CPU
		{4DAB1F13-B1D8-F2F3-332A-A0DB92329341}.Debug|Any CPU.Build.0 = Debug|Any CPU
		{4DAB1F13-B1D8-F2F3-332A-A0DB92329341}.Release|Any CPU.ActiveCfg = Release|Any CPU
		{4DAB1F13-B1D8-F2F3-332A-A0DB92329341}.Release|Any CPU.Build.0 = Release|Any CPU
	EndGlobalSection
	GlobalSection(SolutionProperties) = preSolution
		HideSolutionNode = FALSE
	EndGlobalSection
	GlobalSection(ExtensibilityGlobals) = postSolution
		SolutionGuid = {72272887-3BDA-424D-8E6D-1E89F9C2A90A}
	EndGlobalSection
EndGlobal
